{
    "name": "@wes1350/games",
    "version": "1.0.0",
    "lockfileVersion": 2,
    "requires": true,
    "packages": {
        "": {
            "name": "@wes1350/games",
            "version": "1.0.0",
            "license": "MIT",
            "workspaces": [
                "common"
            ]
        },
        "common": {
            "version": "1.0.0",
            "license": "ISC"
        },
        "node_modules/@wes1350/games-common": {
            "resolved": "common",
            "link": true
        }
    },
    "dependencies": {
        "@wes1350/games-common": {
            "version": "file:common"
        }
    }
}
